
Microsoft Visual Studio Solution File, Format Version 12.00
# Visual Studio Version 16
VisualStudioVersion = 16.0.32929.386
MinimumVisualStudioVersion = 10.0.40219.1
Project("{9A19103F-16F7-4668-BE54-9A1E7A4F7556}") = "DataAccess", "DataAccess\DataAccess.csproj", "{7CDBE4AB-412D-4C3E-9892-DD933B2B6CA7}"
EndProject
Project("{9A19103F-16F7-4668-BE54-9A1E7A4F7556}") = "Business", "Business\Business.csproj", "{2B5F17C5-7929-48C2-8151-7354259FE885}"
EndProject
Project("{9A19103F-16F7-4668-BE54-9A1E7A4F7556}") = "Entities", "Entities\Entities.csproj", "{11E84A1B-9EE1-455F-8B56-FBC91E8F9792}"
EndProject
Project("{9A19103F-16F7-4668-BE54-9A1E7A4F7556}") = "consoleUI", "consoleUI\consoleUI.csproj", "{554EA6FA-D8B5-45E9-AB77-0C7AF910F894}"
EndProject
Project("{FAE04EC0-301F-11D3-BF4B-00C04F79EFBC}") = "Core", "Core\Core.csproj", "{1784E891-AE84-47E4-9FF7-0D774DAC696F}"
EndProject
Global
	GlobalSection(SolutionConfigurationPlatforms) = preSolution
		Debug|Any CPU = Debug|Any CPU
		Release|Any CPU = Release|Any CPU
	EndGlobalSection
	GlobalSection(ProjectConfigurationPlatforms) = postSolution
		{7CDBE4AB-412D-4C3E-9892-DD933B2B6CA7}.Debug|Any CPU.ActiveCfg = Debug|Any CPU
		{7CDBE4AB-412D-4C3E-9892-DD933B2B6CA7}.Debug|Any CPU.Build.0 = Debug|Any CPU
		{7CDBE4AB-412D-4C3E-9892-DD933B2B6CA7}.Release|Any CPU.ActiveCfg = Release|Any CPU
		{7CDBE4AB-412D-4C3E-9892-DD933B2B6CA7}.Release|Any CPU.Build.0 = Release|Any CPU
		{2B5F17C5-7929-48C2-8151-7354259FE885}.Debug|Any CPU.ActiveCfg = Debug|Any CPU
		{2B5F17C5-7929-48C2-8151-7354259FE885}.Debug|Any CPU.Build.0 = Debug|Any CPU
		{2B5F17C5-7929-48C2-8151-7354259FE885}.Release|Any CPU.ActiveCfg = Release|Any CPU
		{2B5F17C5-7929-48C2-8151-7354259FE885}.Release|Any CPU.Build.0 = Release|Any CPU
		{11E84A1B-9EE1-455F-8B56-FBC91E8F9792}.Debug|Any CPU.ActiveCfg = Debug|Any CPU
		{11E84A1B-9EE1-455F-8B56-FBC91E8F9792}.Debug|Any CPU.Build.0 = Debug|Any CPU
		{11E84A1B-9EE1-455F-8B56-FBC91E8F9792}.Release|Any CPU.ActiveCfg = Release|Any CPU
		{11E84A1B-9EE1-455F-8B56-FBC91E8F9792}.Release|Any CPU.Build.0 = Release|Any CPU
		{554EA6FA-D8B5-45E9-AB77-0C7AF910F894}.Debug|Any CPU.ActiveCfg = Debug|Any CPU
		{554EA6FA-D8B5-45E9-AB77-0C7AF910F894}.Debug|Any CPU.Build.0 = Debug|Any CPU
		{554EA6FA-D8B5-45E9-AB77-0C7AF910F894}.Release|Any CPU.ActiveCfg = Release|Any CPU
		{554EA6FA-D8B5-45E9-AB77-0C7AF910F894}.Release|Any CPU.Build.0 = Release|Any CPU
		{1784E891-AE84-47E4-9FF7-0D774DAC696F}.Debug|Any CPU.ActiveCfg = Debug|Any CPU
		{1784E891-AE84-47E4-9FF7-0D774DAC696F}.Debug|Any CPU.Build.0 = Debug|Any CPU
		{1784E891-AE84-47E4-9FF7-0D774DAC696F}.Release|Any CPU.ActiveCfg = Release|Any CPU
		{1784E891-AE84-47E4-9FF7-0D774DAC696F}.Release|Any CPU.Build.0 = Release|Any CPU
	EndGlobalSection
	GlobalSection(SolutionProperties) = preSolution
		HideSolutionNode = FALSE
	EndGlobalSection
	GlobalSection(ExtensibilityGlobals) = postSolution
		SolutionGuid = {D9DF8F9D-1F89-42BC-A9F7-4DC3550ED70C}
	EndGlobalSection
EndGlobal
